// !$*UTF8*$!
{
	archiveVersion = 1;
	classes = {
	};
	objectVersion = 46;
	objects = {

/* Begin PBXBuildFile section */
		ACB0FCB41EA1E62600BD30FE /* AppDelegate.swift in Sources */ = {isa = PBXBuildFile; fileRef = ACB0FCB31EA1E62600BD30FE /* AppDelegate.swift */; };
		ACB0FCB61EA1E62600BD30FE /* ViewController.swift in Sources */ = {isa = PBXBuildFile; fileRef = ACB0FCB51EA1E62600BD30FE /* ViewController.swift */; };
		ACB0FCB91EA1E62600BD30FE /* Main.storyboard in Resources */ = {isa = PBXBuildFile; fileRef = ACB0FCB71EA1E62600BD30FE /* Main.storyboard */; };
		ACB0FCBC1EA1E62600BD30FE /* CoreDataTest.xcdatamodeld in Sources */ = {isa = PBXBuildFile; fileRef = ACB0FCBA1EA1E62600BD30FE /* CoreDataTest.xcdatamodeld */; };
		ACB0FCBE1EA1E62600BD30FE /* Assets.xcassets in Resources */ = {isa = PBXBuildFile; fileRef = ACB0FCBD1EA1E62600BD30FE /* Assets.xcassets */; };
		ACB0FCC11EA1E62700BD30FE /* LaunchScreen.storyboard in Resources */ = {isa = PBXBuildFile; fileRef = ACB0FCBF1EA1E62700BD30FE /* LaunchScreen.storyboard */; };
/* End PBXBuildFile section */

/* Begin PBXFileReference section */
		ACB0FCB01EA1E62600BD30FE /* CoreDataTest.app */ = {isa = PBXFileReference; explicitFileType = wrapper.application; includeInIndex = 0; path = CoreDataTest.app; sourceTree = BUILT_PRODUCTS_DIR; };
		ACB0FCB31EA1E62600BD30FE /* AppDelegate.swift */ = {isa = PBXFileReference; lastKnownFileType = sourcecode.swift; path = AppDelegate.swift; sourceTree = "<group>"; };
		ACB0FCB51EA1E62600BD30FE /* ViewController.swift */ = {isa = PBXFileReference; lastKnownFileType = sourcecode.swift; path = ViewController.swift; sourceTree = "<group>"; };
		ACB0FCB81EA1E62600BD30FE /* Base */ = {isa = PBXFileReference; lastKnownFileType = file.storyboard; name = Base; path = Base.lproj/Main.storyboard; sourceTree = "<group>"; };
		ACB0FCBB1EA1E62600BD30FE /* CoreDataTest.xcdatamodel */ = {isa = PBXFileReference; lastKnownFileType = wrapper.xcdatamodel; path = CoreDataTest.xcdatamodel; sourceTree = "<group>"; };
		ACB0FCBD1EA1E62600BD30FE /* Assets.xcassets */ = {isa = PBXFileReference; lastKnownFileType = folder.assetcatalog; path = Assets.xcassets; sourceTree = "<group>"; };
		ACB0FCC01EA1E62700BD30FE /* Base */ = {isa = PBXFileReference; lastKnownFileType = file.storyboard; name = Base; path = Base.lproj/LaunchScreen.storyboard; sourceTree = "<group>"; };
		ACB0FCC21EA1E62700BD30FE /* Info.plist */ = {isa = PBXFileReference; lastKnownFileType = text.plist.xml; path = Info.plist; sourceTree = "<group>"; };
/* End PBXFileReference section */

/* Begin PBXFrameworksBuildPhase section */
		ACB0FCAD1EA1E62600BD30FE /* Frameworks */ = {
			isa = PBXFrameworksBuildPhase;
			buildActionMask = 2147483647;
			files = (
			);
			runOnlyForDeploymentPostprocessing = 0;
		};
/* End PBXFrameworksBuildPhase section */

/* Begin PBXGroup section */
		ACB0FCA71EA1E62600BD30FE = {
			isa = PBXGroup;
			children = (
				ACB0FCB21EA1E62600BD30FE /* CoreDataTest */,
				ACB0FCB11EA1E62600BD30FE /* Products */,
			);
			sourceTree = "<group>";
		};
		ACB0FCB11EA1E62600BD30FE /* Products */ = {
			isa = PBXGroup;
			children = (
				ACB0FCB01EA1E62600BD30FE /* CoreDataTest.app */,
			);
			name = Products;
			sourceTree = "<group>";
		};
		ACB0FCB21EA1E62600BD30FE /* CoreDataTest */ = {
			isa = PBXGroup;
			children = (
				ACB0FCB31EA1E62600BD30FE /* AppDelegate.swift */,
				ACB0FCB51EA1E62600BD30FE /* ViewController.swift */,
				ACB0FCB71EA1E62600BD30FE /* Main.storyboard */,
				ACB0FCBD1EA1E62600BD30FE /* Assets.xcassets */,
				ACB0FCBF1EA1E62700BD30FE /* LaunchScreen.storyboard */,
				ACB0FCC21EA1E62700BD30FE /* Info.plist */,
				ACB0FCBA1EA1E62600BD30FE /* CoreDataTest.xcdatamodeld */,
			);
			path = CoreDataTest;
			sourceTree = "<group>";
		};
/* End PBXGroup section */

/* Begin PBXNativeTarget section */
		ACB0FCAF1EA1E62600BD30FE /* CoreDataTest */ = {
			isa = PBXNativeTarget;
			buildConfigurationList = ACB0FCC51EA1E62700BD30FE /* Build configuration list for PBXNativeTarget "CoreDataTest" */;
			buildPhases = (
				ACB0FCAC1EA1E62600BD30FE /* Sources */,
				ACB0FCAD1EA1E62600BD30FE /* Frameworks */,
				ACB0FCAE1EA1E62600BD30FE /* Resources */,
			);
			buildRules = (
			);
			dependencies = (
			);
			name = CoreDataTest;
			productName = CoreDataTest;
			productReference = ACB0FCB01EA1E62600BD30FE /* CoreDataTest.app */;
			productType = "com.apple.product-type.application";
		};
/* End PBXNativeTarget section */

/* Begin PBXProject section */
		ACB0FCA81EA1E62600BD30FE /* Project object */ = {
			isa = PBXProject;
			attributes = {
				LastSwiftUpdateCheck = 0820;
				LastUpgradeCheck = 0820;
				ORGANIZATIONNAME = Rakshith;
				TargetAttributes = {
					ACB0FCAF1EA1E62600BD30FE = {
						CreatedOnToolsVersion = 8.2.1;
						ProvisioningStyle = Automatic;
					};
				};
			};
			buildConfigurationList = ACB0FCAB1EA1E62600BD30FE /* Build configuration list for PBXProject "CoreDataTest" */;
			compatibilityVersion = "Xcode 3.2";
			developmentRegion = English;
			hasScannedForEncodings = 0;
			knownRegions = (
				en,
				Base,
			);
			mainGroup = ACB0FCA71EA1E62600BD30FE;
			productRefGroup = ACB0FCB11EA1E62600BD30FE /* Products */;
			projectDirPath = "";
			projectRoot = "";
			targets = (
				ACB0FCAF1EA1E62600BD30FE /* CoreDataTest */,
			);
		};
/* End PBXProject section */

/* Begin PBXResourcesBuildPhase section */
		ACB0FCAE1EA1E62600BD30FE /* Resources */ = {
			isa = PBXResourcesBuildPhase;
			buildActionMask = 2147483647;
			files = (
				ACB0FCC11EA1E62700BD30FE /* LaunchScreen.storyboard in Resources */,
				ACB0FCBE1EA1E62600BD30FE /* Assets.xcassets in Resources */,
				ACB0FCB91EA1E62600BD30FE /* Main.storyboard in Resources */,
			);
			runOnlyForDeploymentPostprocessing = 0;
		};
/* End PBXResourcesBuildPhase section */

/* Begin PBXSourcesBuildPhase section */
		ACB0FCAC1EA1E62600BD30FE /* Sources */ = {
			isa = PBXSourcesBuildPhase;
			buildActionMask = 2147483647;
			files = (
				ACB0FCB61EA1E62600BD30FE /* ViewController.swift in Sources */,
				ACB0FCBC1EA1E62600BD30FE /* CoreDataTest.xcdatamodeld in Sources */,
				ACB0FCB41EA1E62600BD30FE /* AppDelegate.swift in Sources */,
			);
			runOnlyForDeploymentPostprocessing = 0;
		};
/* End PBXSourcesBuildPhase section */

/* Begin PBXVariantGroup section */
		ACB0FCB71EA1E62600BD30FE /* Main.storyboard */ = {
			isa = PBXVariantGroup;
			children = (
				ACB0FCB81EA1E62600BD30FE /* Base */,
			);
			name = Main.storyboard;
			sourceTree = "<group>";
		};
		ACB0FCBF1EA1E62700BD30FE /* LaunchScreen.storyboard */ = {
			isa = PBXVariantGroup;
			children = (
				ACB0FCC01EA1E62700BD30FE /* Base */,
			);
			name = LaunchScreen.storyboard;
			sourceTree = "<group>";
		};
/* End PBXVariantGroup section */

/* Begin XCBuildConfiguration section */
		ACB0FCC31EA1E62700BD30FE /* Debug */ = {
			isa = XCBuildConfiguration;
			buildSettings = {
				ALWAYS_SEARCH_USER_PATHS = NO;
				CLANG_ANALYZER_NONNULL = YES;
				CLANG_CXX_LANGUAGE_STANDARD = "gnu++0x";
				CLANG_CXX_LIBRARY = "libc++";
				CLANG_ENABLE_MODULES = YES;
				CLANG_ENABLE_OBJC_ARC = YES;
				CLANG_WARN_BOOL_CONVERSION = YES;
				CLANG_WARN_CONSTANT_CONVERSION = YES;
				CLANG_WARN_DIRECT_OBJC_ISA_USAGE = YES_ERROR;
				CLANG_WARN_DOCUMENTATION_COMMENTS = YES;
				CLANG_WARN_EMPTY_BODY = YES;
				CLANG_WARN_ENUM_CONVERSION = YES;
				CLANG_WARN_INFINITE_RECURSION = YES;
				CLANG_WARN_INT_CONVERSION = YES;
				CLANG_WARN_OBJC_ROOT_CLASS = YES_ERROR;
				CLANG_WARN_SUSPICIOUS_MOVE = YES;
				CLANG_WARN_UNREACHABLE_CODE = YES;
				CLANG_WARN__DUPLICATE_METHOD_MATCH = YES;
				"CODE_SIGN_IDENTITY[sdk=iphoneos*]" = "iPhone Developer";
				COPY_PHASE_STRIP = NO;
				DEBUG_INFORMATION_FORMAT = dwarf;
				ENABLE_STRICT_OBJC_MSGSEND = YES;
				ENABLE_TESTABILITY = YES;
				GCC_C_LANGUAGE_STANDARD = gnu99;
				GCC_DYNAMIC_NO_PIC = NO;
				GCC_NO_COMMON_BLOCKS = YES;
				GCC_OPTIMIZATION_LEVEL = 0;
				GCC_PREPROCESSOR_DEFINITIONS = (
					"DEBUG=1",
					"$(inherited)",
				);
				GCC_WARN_64_TO_32_BIT_CONVERSION = YES;
				GCC_WARN_ABOUT_RETURN_TYPE = YES_ERROR;
				GCC_WARN_UNDECLARED_SELECTOR = YES;
				GCC_WARN_UNINITIALIZED_AUTOS = YES_AGGRESSIVE;
				GCC_WARN_UNUSED_FUNCTION = YES;
				GCC_WARN_UNUSED_VARIABLE = YES;
				IPHONEOS_DEPLOYMENT_TARGET = 10.2;
				MTL_ENABLE_DEBUG_INFO = YES;
				ONLY_ACTIVE_ARCH = YES;
				SDKROOT = iphoneos;
				SWIFT_ACTIVE_COMPILATION_CONDITIONS = DEBUG;
				SWIFT_OPTIMIZATION_LEVEL = "-Onone";
				TARGETED_DEVICE_FAMILY = "1,2";
			};
			name = Debug;
		};
		ACB0FCC41EA1E62700BD30FE /* Release */ = {
			isa = XCBuildConfiguration;
			buildSettings = {
				ALWAYS_SEARCH_USER_PATHS = NO;
				CLANG_ANALYZER_NONNULL = YES;
				CLANG_CXX_LANGUAGE_STANDARD = "gnu++0x";
				CLANG_CXX_LIBRARY = "libc++";
				CLANG_ENABLE_MODULES = YES;
				CLANG_ENABLE_OBJC_ARC = YES;
				CLANG_WARN_BOOL_CONVERSION = YES;
				CLANG_WARN_CONSTANT_CONVERSION = YES;
				CLANG_WARN_DIRECT_OBJC_ISA_USAGE = YES_ERROR;
				CLANG_WARN_DOCUMENTATION_COMMENTS = YES;
				CLANG_WARN_EMPTY_BODY = YES;
				CLANG_WARN_ENUM_CONVERSION = YES;
				CLANG_WARN_INFINITE_RECURSION = YES;
				CLANG_WARN_INT_CONVERSION = YES;
				CLANG_WARN_OBJC_ROOT_CLASS = YES_ERROR;
				CLANG_WARN_SUSPICIOUS_MOVE = YES;
				CLANG_WARN_UNREACHABLE_CODE = YES;
				CLANG_WARN__DUPLICATE_METHOD_MATCH = YES;
				"CODE_SIGN_IDENTITY[sdk=iphoneos*]" = "iPhone Developer";
				COPY_PHASE_STRIP = NO;
				DEBUG_INFORMATION_FORMAT = "dwarf-with-dsym";
				ENABLE_NS_ASSERTIONS = NO;
				ENABLE_STRICT_OBJC_MSGSEND = YES;
				GCC_C_LANGUAGE_STANDARD = gnu99;
				GCC_NO_COMMON_BLOCKS = YES;
				GCC_WARN_64_TO_32_BIT_CONVERSION = YES;
				GCC_WARN_ABOUT_RETURN_TYPE = YES_ERROR;
				GCC_WARN_UNDECLARED_SELECTOR = YES;
				GCC_WARN_UNINITIALIZED_AUTOS = YES_AGGRESSIVE;
				GCC_WARN_UNUSED_FUNCTION = YES;
				GCC_WARN_UNUSED_VARIABLE = YES;
				IPHONEOS_DEPLOYMENT_TARGET = 10.2;
				MTL_ENABLE_DEBUG_INFO = NO;
				SDKROOT = iphoneos;
				SWIFT_OPTIMIZATION_LEVEL = "-Owholemodule";
				TARGETED_DEVICE_FAMILY = "1,2";
				VALIDATE_PRODUCT = YES;
			};
			name = Release;
		};
		ACB0FCC61EA1E62700BD30FE /* Debug */ = {
			isa = XCBuildConfiguration;
			buildSettings = {
				ASSETCATALOG_COMPILER_APPICON_NAME = AppIcon;
				INFOPLIST_FILE = CoreDataTest/Info.plist;
				LD_RUNPATH_SEARCH_PATHS = "$(inherited) @executable_path/Frameworks";
				PRODUCT_BUNDLE_IDENTIFIER = com.rakshith.CoreDataTest;
				PRODUCT_NAME = "$(TARGET_NAME)";
				SWIFT_VERSION = 3.0;
			};
			name = Debug;
		};
		ACB0FCC71EA1E62700BD30FE /* Release */ = {
			isa = XCBuildConfiguration;
			buildSettings = {
				ASSETCATALOG_COMPILER_APPICON_NAME = AppIcon;
				INFOPLIST_FILE = CoreDataTest/Info.plist;
				LD_RUNPATH_SEARCH_PATHS = "$(inherited) @executable_path/Frameworks";
				PRODUCT_BUNDLE_IDENTIFIER = com.rakshith.CoreDataTest;
				PRODUCT_NAME = "$(TARGET_NAME)";
				SWIFT_VERSION = 3.0;
			};
			name = Release;
		};
/* End XCBuildConfiguration section */

/* Begin XCConfigurationList section */
		ACB0FCAB1EA1E62600BD30FE /* Build configuration list for PBXProject "CoreDataTest" */ = {
			isa = XCConfigurationList;
			buildConfigurations = (
				ACB0FCC31EA1E62700BD30FE /* Debug */,
				ACB0FCC41EA1E62700BD30FE /* Release */,
			);
			defaultConfigurationIsVisible = 0;
			defaultConfigurationName = Release;
		};
		ACB0FCC51EA1E62700BD30FE /* Build configuration list for PBXNativeTarget "CoreDataTest" */ = {
			isa = XCConfigurationList;
			buildConfigurations = (
				ACB0FCC61EA1E62700BD30FE /* Debug */,
				ACB0FCC71EA1E62700BD30FE /* Release */,
			);
			defaultConfigurationIsVisible = 0;
		};
/* End XCConfigurationList section */

/* Begin XCVersionGroup section */
		ACB0FCBA1EA1E62600BD30FE /* CoreDataTest.xcdatamodeld */ = {
			isa = XCVersionGroup;
			children = (
				ACB0FCBB1EA1E62600BD30FE /* CoreDataTest.xcdatamodel */,
			);
			currentVersion = ACB0FCBB1EA1E62600BD30FE /* CoreDataTest.xcdatamodel */;
			path = CoreDataTest.xcdatamodeld;
			sourceTree = "<group>";
			versionGroupType = wrapper.xcdatamodel;
		};
/* End XCVersionGroup section */
	};
	rootObject = ACB0FCA81EA1E62600BD30FE /* Project object */;
}
